
Microsoft Visual Studio Solution File, Format Version 12.00
# Visual Studio 14
VisualStudioVersion = 14.0.25420.1
MinimumVisualStudioVersion = 10.0.40219.1
Project("{FAE04EC0-301F-11D3-BF4B-00C04F79EFBC}") = "ITKNews", "ITKNews\ITKNews\ITKNews.csproj", "{BF55DAFC-1524-4EC5-BAAF-7C4E2436035A}"
EndProject
Project("{FAE04EC0-301F-11D3-BF4B-00C04F79EFBC}") = "ITKNews.Droid", "ITKNews\ITKNews.Droid\ITKNews.Droid.csproj", "{CEC4609A-82F4-4C77-A5C2-F32C6BE4A50A}"
EndProject
Project("{FAE04EC0-301F-11D3-BF4B-00C04F79EFBC}") = "ITKNews.iOS", "ITKNews\ITKNews.iOS\ITKNews.iOS.csproj", "{8CCE9C85-ECB5-44F3-8DCA-54F283B241AF}"
EndProject
Project("{FAE04EC0-301F-11D3-BF4B-00C04F79EFBC}") = "ITKNews.WinPhone", "ITKNews\ITKNews.WinPhone\ITKNews.WinPhone.csproj", "{73F298FF-334E-48A2-BC98-77FF8B7A1B24}"
EndProject
Project("{FAE04EC0-301F-11D3-BF4B-00C04F79EFBC}") = "ITKNews.UWP", "ITKNews\ITKNews.UWP\ITKNews.UWP.csproj", "{4C913DD9-4B2B-4238-8867-189D61A07BF7}"
EndProject
Project("{FAE04EC0-301F-11D3-BF4B-00C04F79EFBC}") = "ITKNews.Windows", "ITKNews\ITKNews.Windows\ITKNews.Windows.csproj", "{84A7EDCF-294D-4059-9B0F-EC92C96982DC}"
EndProject
Global
	GlobalSection(SolutionConfigurationPlatforms) = preSolution
		Ad-Hoc|Any CPU = Ad-Hoc|Any CPU
		Ad-Hoc|ARM = Ad-Hoc|ARM
		Ad-Hoc|iPhone = Ad-Hoc|iPhone
		Ad-Hoc|iPhoneSimulator = Ad-Hoc|iPhoneSimulator
		Ad-Hoc|x64 = Ad-Hoc|x64
		Ad-Hoc|x86 = Ad-Hoc|x86
		AppStore|Any CPU = AppStore|Any CPU
		AppStore|ARM = AppStore|ARM
		AppStore|iPhone = AppStore|iPhone
		AppStore|iPhoneSimulator = AppStore|iPhoneSimulator
		AppStore|x64 = AppStore|x64
		AppStore|x86 = AppStore|x86
		Debug|Any CPU = Debug|Any CPU
		Debug|ARM = Debug|ARM
		Debug|iPhone = Debug|iPhone
		Debug|iPhoneSimulator = Debug|iPhoneSimulator
		Debug|x64 = Debug|x64
		Debug|x86 = Debug|x86
		Release|Any CPU = Release|Any CPU
		Release|ARM = Release|ARM
		Release|iPhone = Release|iPhone
		Release|iPhoneSimulator = Release|iPhoneSimulator
		Release|x64 = Release|x64
		Release|x86 = Release|x86
	EndGlobalSection
	GlobalSection(ProjectConfigurationPlatforms) = postSolution
		{BF55DAFC-1524-4EC5-BAAF-7C4E2436035A}.Ad-Hoc|Any CPU.ActiveCfg = Release|Any CPU
		{BF55DAFC-1524-4EC5-BAAF-7C4E2436035A}.Ad-Hoc|Any CPU.Build.0 = Release|Any CPU
		{BF55DAFC-1524-4EC5-BAAF-7C4E2436035A}.Ad-Hoc|ARM.ActiveCfg = Release|Any CPU
		{BF55DAFC-1524-4EC5-BAAF-7C4E2436035A}.Ad-Hoc|ARM.Build.0 = Release|Any CPU
		{BF55DAFC-1524-4EC5-BAAF-7C4E2436035A}.Ad-Hoc|iPhone.ActiveCfg = Release|Any CPU
		{BF55DAFC-1524-4EC5-BAAF-7C4E2436035A}.Ad-Hoc|iPhone.Build.0 = Release|Any CPU
		{BF55DAFC-1524-4EC5-BAAF-7C4E2436035A}.Ad-Hoc|iPhoneSimulator.ActiveCfg = Release|Any CPU
		{BF55DAFC-1524-4EC5-BAAF-7C4E2436035A}.Ad-Hoc|iPhoneSimulator.Build.0 = Release|Any CPU
		{BF55DAFC-1524-4EC5-BAAF-7C4E2436035A}.Ad-Hoc|x64.ActiveCfg = Release|Any CPU
		{BF55DAFC-1524-4EC5-BAAF-7C4E2436035A}.Ad-Hoc|x64.Build.0 = Release|Any CPU
		{BF55DAFC-1524-4EC5-BAAF-7C4E2436035A}.Ad-Hoc|x86.ActiveCfg = Release|Any CPU
		{BF55DAFC-1524-4EC5-BAAF-7C4E2436035A}.Ad-Hoc|x86.Build.0 = Release|Any CPU
		{BF55DAFC-1524-4EC5-BAAF-7C4E2436035A}.AppStore|Any CPU.ActiveCfg = Release|Any CPU
		{BF55DAFC-1524-4EC5-BAAF-7C4E2436035A}.AppStore|Any CPU.Build.0 = Release|Any CPU
		{BF55DAFC-1524-4EC5-BAAF-7C4E2436035A}.AppStore|ARM.ActiveCfg = Release|Any CPU
		{BF55DAFC-1524-4EC5-BAAF-7C4E2436035A}.AppStore|ARM.Build.0 = Release|Any CPU
		{BF55DAFC-1524-4EC5-BAAF-7C4E2436035A}.AppStore|iPhone.ActiveCfg = Release|Any CPU
		{BF55DAFC-1524-4EC5-BAAF-7C4E2436035A}.AppStore|iPhone.Build.0 = Release|Any CPU
		{BF55DAFC-1524-4EC5-BAAF-7C4E2436035A}.AppStore|iPhoneSimulator.ActiveCfg = Release|Any CPU
		{BF55DAFC-1524-4EC5-BAAF-7C4E2436035A}.AppStore|iPhoneSimulator.Build.0 = Release|Any CPU
		{BF55DAFC-1524-4EC5-BAAF-7C4E2436035A}.AppStore|x64.ActiveCfg = Release|Any CPU
		{BF55DAFC-1524-4EC5-BAAF-7C4E2436035A}.AppStore|x64.Build.0 = Release|Any CPU
		{BF55DAFC-1524-4EC5-BAAF-7C4E2436035A}.AppStore|x86.ActiveCfg = Release|Any CPU
		{BF55DAFC-1524-4EC5-BAAF-7C4E2436035A}.AppStore|x86.Build.0 = Release|Any CPU
		{BF55DAFC-1524-4EC5-BAAF-7C4E2436035A}.Debug|Any CPU.ActiveCfg = Debug|Any CPU
		{BF55DAFC-1524-4EC5-BAAF-7C4E2436035A}.Debug|Any CPU.Build.0 = Debug|Any CPU
		{BF55DAFC-1524-4EC5-BAAF-7C4E2436035A}.Debug|ARM.ActiveCfg = Debug|Any CPU
		{BF55DAFC-1524-4EC5-BAAF-7C4E2436035A}.Debug|ARM.Build.0 = Debug|Any CPU
		{BF55DAFC-1524-4EC5-BAAF-7C4E2436035A}.Debug|iPhone.ActiveCfg = Debug|Any CPU
		{BF55DAFC-1524-4EC5-BAAF-7C4E2436035A}.Debug|iPhone.Build.0 = Debug|Any CPU
		{BF55DAFC-1524-4EC5-BAAF-7C4E2436035A}.Debug|iPhoneSimulator.ActiveCfg = Debug|Any CPU
		{BF55DAFC-1524-4EC5-BAAF-7C4E2436035A}.Debug|iPhoneSimulator.Build.0 = Debug|Any CPU
		{BF55DAFC-1524-4EC5-BAAF-7C4E2436035A}.Debug|x64.ActiveCfg = Debug|Any CPU
		{BF55DAFC-1524-4EC5-BAAF-7C4E2436035A}.Debug|x64.Build.0 = Debug|Any CPU
		{BF55DAFC-1524-4EC5-BAAF-7C4E2436035A}.Debug|x86.ActiveCfg = Debug|Any CPU
		{BF55DAFC-1524-4EC5-BAAF-7C4E2436035A}.Debug|x86.Build.0 = Debug|Any CPU
		{BF55DAFC-1524-4EC5-BAAF-7C4E2436035A}.Release|Any CPU.ActiveCfg = Release|Any CPU
		{BF55DAFC-1524-4EC5-BAAF-7C4E2436035A}.Release|Any CPU.Build.0 = Release|Any CPU
		{BF55DAFC-1524-4EC5-BAAF-7C4E2436035A}.Release|ARM.ActiveCfg = Release|Any CPU
		{BF55DAFC-1524-4EC5-BAAF-7C4E2436035A}.Release|ARM.Build.0 = Release|Any CPU
		{BF55DAFC-1524-4EC5-BAAF-7C4E2436035A}.Release|iPhone.ActiveCfg = Release|Any CPU
		{BF55DAFC-1524-4EC5-BAAF-7C4E2436035A}.Release|iPhone.Build.0 = Release|Any CPU
		{BF55DAFC-1524-4EC5-BAAF-7C4E2436035A}.Release|iPhoneSimulator.ActiveCfg = Release|Any CPU
		{BF55DAFC-1524-4EC5-BAAF-7C4E2436035A}.Release|iPhoneSimulator.Build.0 = Release|Any CPU
		{BF55DAFC-1524-4EC5-BAAF-7C4E2436035A}.Release|x64.ActiveCfg = Release|Any CPU
		{BF55DAFC-1524-4EC5-BAAF-7C4E2436035A}.Release|x64.Build.0 = Release|Any CPU
		{BF55DAFC-1524-4EC5-BAAF-7C4E2436035A}.Release|x86.ActiveCfg = Release|Any CPU
		{BF55DAFC-1524-4EC5-BAAF-7C4E2436035A}.Release|x86.Build.0 = Release|Any CPU
		{CEC4609A-82F4-4C77-A5C2-F32C6BE4A50A}.Ad-Hoc|Any CPU.ActiveCfg = Release|Any CPU
		{CEC4609A-82F4-4C77-A5C2-F32C6BE4A50A}.Ad-Hoc|Any CPU.Build.0 = Release|Any CPU
		{CEC4609A-82F4-4C77-A5C2-F32C6BE4A50A}.Ad-Hoc|Any CPU.Deploy.0 = Release|Any CPU
		{CEC4609A-82F4-4C77-A5C2-F32C6BE4A50A}.Ad-Hoc|ARM.ActiveCfg = Release|Any CPU
		{CEC4609A-82F4-4C77-A5C2-F32C6BE4A50A}.Ad-Hoc|ARM.Build.0 = Release|Any CPU
		{CEC4609A-82F4-4C77-A5C2-F32C6BE4A50A}.Ad-Hoc|ARM.Deploy.0 = Release|Any CPU
		{CEC4609A-82F4-4C77-A5C2-F32C6BE4A50A}.Ad-Hoc|iPhone.ActiveCfg = Release|Any CPU
		{CEC4609A-82F4-4C77-A5C2-F32C6BE4A50A}.Ad-Hoc|iPhone.Build.0 = Release|Any CPU
		{CEC4609A-82F4-4C77-A5C2-F32C6BE4A50A}.Ad-Hoc|iPhone.Deploy.0 = Release|Any CPU
		{CEC4609A-82F4-4C77-A5C2-F32C6BE4A50A}.Ad-Hoc|iPhoneSimulator.ActiveCfg = Release|Any CPU
		{CEC4609A-82F4-4C77-A5C2-F32C6BE4A50A}.Ad-Hoc|iPhoneSimulator.Build.0 = Release|Any CPU
		{CEC4609A-82F4-4C77-A5C2-F32C6BE4A50A}.Ad-Hoc|iPhoneSimulator.Deploy.0 = Release|Any CPU
		{CEC4609A-82F4-4C77-A5C2-F32C6BE4A50A}.Ad-Hoc|x64.ActiveCfg = Release|Any CPU
		{CEC4609A-82F4-4C77-A5C2-F32C6BE4A50A}.Ad-Hoc|x64.Build.0 = Release|Any CPU
		{CEC4609A-82F4-4C77-A5C2-F32C6BE4A50A}.Ad-Hoc|x64.Deploy.0 = Release|Any CPU
		{CEC4609A-82F4-4C77-A5C2-F32C6BE4A50A}.Ad-Hoc|x86.ActiveCfg = Release|Any CPU
		{CEC4609A-82F4-4C77-A5C2-F32C6BE4A50A}.Ad-Hoc|x86.Build.0 = Release|Any CPU
		{CEC4609A-82F4-4C77-A5C2-F32C6BE4A50A}.Ad-Hoc|x86.Deploy.0 = Release|Any CPU
		{CEC4609A-82F4-4C77-A5C2-F32C6BE4A50A}.AppStore|Any CPU.ActiveCfg = Release|Any CPU
		{CEC4609A-82F4-4C77-A5C2-F32C6BE4A50A}.AppStore|Any CPU.Build.0 = Release|Any CPU
		{CEC4609A-82F4-4C77-A5C2-F32C6BE4A50A}.AppStore|Any CPU.Deploy.0 = Release|Any CPU
		{CEC4609A-82F4-4C77-A5C2-F32C6BE4A50A}.AppStore|ARM.ActiveCfg = Release|Any CPU
		{CEC4609A-82F4-4C77-A5C2-F32C6BE4A50A}.AppStore|ARM.Build.0 = Release|Any CPU
		{CEC4609A-82F4-4C77-A5C2-F32C6BE4A50A}.AppStore|ARM.Deploy.0 = Release|Any CPU
		{CEC4609A-82F4-4C77-A5C2-F32C6BE4A50A}.AppStore|iPhone.ActiveCfg = Release|Any CPU
		{CEC4609A-82F4-4C77-A5C2-F32C6BE4A50A}.AppStore|iPhone.Build.0 = Release|Any CPU
		{CEC4609A-82F4-4C77-A5C2-F32C6BE4A50A}.AppStore|iPhone.Deploy.0 = Release|Any CPU
		{CEC4609A-82F4-4C77-A5C2-F32C6BE4A50A}.AppStore|iPhoneSimulator.ActiveCfg = Release|Any CPU
		{CEC4609A-82F4-4C77-A5C2-F32C6BE4A50A}.AppStore|iPhoneSimulator.Build.0 = Release|Any CPU
		{CEC4609A-82F4-4C77-A5C2-F32C6BE4A50A}.AppStore|iPhoneSimulator.Deploy.0 = Release|Any CPU
		{CEC4609A-82F4-4C77-A5C2-F32C6BE4A50A}.AppStore|x64.ActiveCfg = Release|Any CPU
		{CEC4609A-82F4-4C77-A5C2-F32C6BE4A50A}.AppStore|x64.Build.0 = Release|Any CPU
		{CEC4609A-82F4-4C77-A5C2-F32C6BE4A50A}.AppStore|x64.Deploy.0 = Release|Any CPU
		{CEC4609A-82F4-4C77-A5C2-F32C6BE4A50A}.AppStore|x86.ActiveCfg = Release|Any CPU
		{CEC4609A-82F4-4C77-A5C2-F32C6BE4A50A}.AppStore|x86.Build.0 = Release|Any CPU
		{CEC4609A-82F4-4C77-A5C2-F32C6BE4A50A}.AppStore|x86.Deploy.0 = Release|Any CPU
		{CEC4609A-82F4-4C77-A5C2-F32C6BE4A50A}.Debug|Any CPU.ActiveCfg = Debug|Any CPU
		{CEC4609A-82F4-4C77-A5C2-F32C6BE4A50A}.Debug|Any CPU.Build.0 = Debug|Any CPU
		{CEC4609A-82F4-4C77-A5C2-F32C6BE4A50A}.Debug|Any CPU.Deploy.0 = Debug|Any CPU
		{CEC4609A-82F4-4C77-A5C2-F32C6BE4A50A}.Debug|ARM.ActiveCfg = Debug|Any CPU
		{CEC4609A-82F4-4C77-A5C2-F32C6BE4A50A}.Debug|ARM.Build.0 = Debug|Any CPU
		{CEC4609A-82F4-4C77-A5C2-F32C6BE4A50A}.Debug|ARM.Deploy.0 = Debug|Any CPU
		{CEC4609A-82F4-4C77-A5C2-F32C6BE4A50A}.Debug|iPhone.ActiveCfg = Debug|Any CPU
		{CEC4609A-82F4-4C77-A5C2-F32C6BE4A50A}.Debug|iPhone.Build.0 = Debug|Any CPU
		{CEC4609A-82F4-4C77-A5C2-F32C6BE4A50A}.Debug|iPhone.Deploy.0 = Debug|Any CPU
		{CEC4609A-82F4-4C77-A5C2-F32C6BE4A50A}.Debug|iPhoneSimulator.ActiveCfg = Debug|Any CPU
		{CEC4609A-82F4-4C77-A5C2-F32C6BE4A50A}.Debug|iPhoneSimulator.Build.0 = Debug|Any CPU
		{CEC4609A-82F4-4C77-A5C2-F32C6BE4A50A}.Debug|iPhoneSimulator.Deploy.0 = Debug|Any CPU
		{CEC4609A-82F4-4C77-A5C2-F32C6BE4A50A}.Debug|x64.ActiveCfg = Debug|Any CPU
		{CEC4609A-82F4-4C77-A5C2-F32C6BE4A50A}.Debug|x64.Build.0 = Debug|Any CPU
		{CEC4609A-82F4-4C77-A5C2-F32C6BE4A50A}.Debug|x64.Deploy.0 = Debug|Any CPU
		{CEC4609A-82F4-4C77-A5C2-F32C6BE4A50A}.Debug|x86.ActiveCfg = Debug|Any CPU
		{CEC4609A-82F4-4C77-A5C2-F32C6BE4A50A}.Debug|x86.Build.0 = Debug|Any CPU
		{CEC4609A-82F4-4C77-A5C2-F32C6BE4A50A}.Debug|x86.Deploy.0 = Debug|Any CPU
		{CEC4609A-82F4-4C77-A5C2-F32C6BE4A50A}.Release|Any CPU.ActiveCfg = Release|Any CPU
		{CEC4609A-82F4-4C77-A5C2-F32C6BE4A50A}.Release|Any CPU.Build.0 = Release|Any CPU
		{CEC4609A-82F4-4C77-A5C2-F32C6BE4A50A}.Release|Any CPU.Deploy.0 = Release|Any CPU
		{CEC4609A-82F4-4C77-A5C2-F32C6BE4A50A}.Release|ARM.ActiveCfg = Release|Any CPU
		{CEC4609A-82F4-4C77-A5C2-F32C6BE4A50A}.Release|ARM.Build.0 = Release|Any CPU
		{CEC4609A-82F4-4C77-A5C2-F32C6BE4A50A}.Release|ARM.Deploy.0 = Release|Any CPU
		{CEC4609A-82F4-4C77-A5C2-F32C6BE4A50A}.Release|iPhone.ActiveCfg = Release|Any CPU
		{CEC4609A-82F4-4C77-A5C2-F32C6BE4A50A}.Release|iPhone.Build.0 = Release|Any CPU
		{CEC4609A-82F4-4C77-A5C2-F32C6BE4A50A}.Release|iPhone.Deploy.0 = Release|Any CPU
		{CEC4609A-82F4-4C77-A5C2-F32C6BE4A50A}.Release|iPhoneSimulator.ActiveCfg = Release|Any CPU
		{CEC4609A-82F4-4C77-A5C2-F32C6BE4A50A}.Release|iPhoneSimulator.Build.0 = Release|Any CPU
		{CEC4609A-82F4-4C77-A5C2-F32C6BE4A50A}.Release|iPhoneSimulator.Deploy.0 = Release|Any CPU
		{CEC4609A-82F4-4C77-A5C2-F32C6BE4A50A}.Release|x64.ActiveCfg = Release|Any CPU
		{CEC4609A-82F4-4C77-A5C2-F32C6BE4A50A}.Release|x64.Build.0 = Release|Any CPU
		{CEC4609A-82F4-4C77-A5C2-F32C6BE4A50A}.Release|x64.Deploy.0 = Release|Any CPU
		{CEC4609A-82F4-4C77-A5C2-F32C6BE4A50A}.Release|x86.ActiveCfg = Release|Any CPU
		{CEC4609A-82F4-4C77-A5C2-F32C6BE4A50A}.Release|x86.Build.0 = Release|Any CPU
		{CEC4609A-82F4-4C77-A5C2-F32C6BE4A50A}.Release|x86.Deploy.0 = Release|Any CPU
		{8CCE9C85-ECB5-44F3-8DCA-54F283B241AF}.Ad-Hoc|Any CPU.ActiveCfg = Ad-Hoc|iPhone
		{8CCE9C85-ECB5-44F3-8DCA-54F283B241AF}.Ad-Hoc|ARM.ActiveCfg = Ad-Hoc|iPhone
		{8CCE9C85-ECB5-44F3-8DCA-54F283B241AF}.Ad-Hoc|iPhone.ActiveCfg = Ad-Hoc|iPhone
		{8CCE9C85-ECB5-44F3-8DCA-54F283B241AF}.Ad-Hoc|iPhone.Build.0 = Ad-Hoc|iPhone
		{8CCE9C85-ECB5-44F3-8DCA-54F283B241AF}.Ad-Hoc|iPhoneSimulator.ActiveCfg = Ad-Hoc|iPhoneSimulator
		{8CCE9C85-ECB5-44F3-8DCA-54F283B241AF}.Ad-Hoc|iPhoneSimulator.Build.0 = Ad-Hoc|iPhoneSimulator
		{8CCE9C85-ECB5-44F3-8DCA-54F283B241AF}.Ad-Hoc|x64.ActiveCfg = Ad-Hoc|iPhone
		{8CCE9C85-ECB5-44F3-8DCA-54F283B241AF}.Ad-Hoc|x86.ActiveCfg = Ad-Hoc|iPhone
		{8CCE9C85-ECB5-44F3-8DCA-54F283B241AF}.AppStore|Any CPU.ActiveCfg = AppStore|iPhone
		{8CCE9C85-ECB5-44F3-8DCA-54F283B241AF}.AppStore|ARM.ActiveCfg = AppStore|iPhone
		{8CCE9C85-ECB5-44F3-8DCA-54F283B241AF}.AppStore|iPhone.ActiveCfg = AppStore|iPhone
		{8CCE9C85-ECB5-44F3-8DCA-54F283B241AF}.AppStore|iPhone.Build.0 = AppStore|iPhone
		{8CCE9C85-ECB5-44F3-8DCA-54F283B241AF}.AppStore|iPhoneSimulator.ActiveCfg = AppStore|iPhoneSimulator
		{8CCE9C85-ECB5-44F3-8DCA-54F283B241AF}.AppStore|iPhoneSimulator.Build.0 = AppStore|iPhoneSimulator
		{8CCE9C85-ECB5-44F3-8DCA-54F283B241AF}.AppStore|x64.ActiveCfg = AppStore|iPhone
		{8CCE9C85-ECB5-44F3-8DCA-54F283B241AF}.AppStore|x86.ActiveCfg = AppStore|iPhone
		{8CCE9C85-ECB5-44F3-8DCA-54F283B241AF}.Debug|Any CPU.ActiveCfg = Debug|iPhone
		{8CCE9C85-ECB5-44F3-8DCA-54F283B241AF}.Debug|ARM.ActiveCfg = Debug|iPhone
		{8CCE9C85-ECB5-44F3-8DCA-54F283B241AF}.Debug|iPhone.ActiveCfg = Debug|iPhone
		{8CCE9C85-ECB5-44F3-8DCA-54F283B241AF}.Debug|iPhone.Build.0 = Debug|iPhone
		{8CCE9C85-ECB5-44F3-8DCA-54F283B241AF}.Debug|iPhoneSimulator.ActiveCfg = Debug|iPhoneSimulator
		{8CCE9C85-ECB5-44F3-8DCA-54F283B241AF}.Debug|iPhoneSimulator.Build.0 = Debug|iPhoneSimulator
		{8CCE9C85-ECB5-44F3-8DCA-54F283B241AF}.Debug|x64.ActiveCfg = Debug|iPhone
		{8CCE9C85-ECB5-44F3-8DCA-54F283B241AF}.Debug|x86.ActiveCfg = Debug|iPhone
		{8CCE9C85-ECB5-44F3-8DCA-54F283B241AF}.Release|Any CPU.ActiveCfg = Release|iPhone
		{8CCE9C85-ECB5-44F3-8DCA-54F283B241AF}.Release|ARM.ActiveCfg = Release|iPhone
		{8CCE9C85-ECB5-44F3-8DCA-54F283B241AF}.Release|iPhone.ActiveCfg = Release|iPhone
		{8CCE9C85-ECB5-44F3-8DCA-54F283B241AF}.Release|iPhone.Build.0 = Release|iPhone
		{8CCE9C85-ECB5-44F3-8DCA-54F283B241AF}.Release|iPhoneSimulator.ActiveCfg = Release|iPhoneSimulator
		{8CCE9C85-ECB5-44F3-8DCA-54F283B241AF}.Release|iPhoneSimulator.Build.0 = Release|iPhoneSimulator
		{8CCE9C85-ECB5-44F3-8DCA-54F283B241AF}.Release|x64.ActiveCfg = Release|iPhone
		{8CCE9C85-ECB5-44F3-8DCA-54F283B241AF}.Release|x86.ActiveCfg = Release|iPhone
		{73F298FF-334E-48A2-BC98-77FF8B7A1B24}.Ad-Hoc|Any CPU.ActiveCfg = Release|Any CPU
		{73F298FF-334E-48A2-BC98-77FF8B7A1B24}.Ad-Hoc|Any CPU.Build.0 = Release|Any CPU
		{73F298FF-334E-48A2-BC98-77FF8B7A1B24}.Ad-Hoc|Any CPU.Deploy.0 = Release|Any CPU
		{73F298FF-334E-48A2-BC98-77FF8B7A1B24}.Ad-Hoc|ARM.ActiveCfg = Release|ARM
		{73F298FF-334E-48A2-BC98-77FF8B7A1B24}.Ad-Hoc|ARM.Build.0 = Release|ARM
		{73F298FF-334E-48A2-BC98-77FF8B7A1B24}.Ad-Hoc|ARM.Deploy.0 = Release|ARM
		{73F298FF-334E-48A2-BC98-77FF8B7A1B24}.Ad-Hoc|iPhone.ActiveCfg = Release|Any CPU
		{73F298FF-334E-48A2-BC98-77FF8B7A1B24}.Ad-Hoc|iPhone.Build.0 = Release|Any CPU
		{73F298FF-334E-48A2-BC98-77FF8B7A1B24}.Ad-Hoc|iPhone.Deploy.0 = Release|Any CPU
		{73F298FF-334E-48A2-BC98-77FF8B7A1B24}.Ad-Hoc|iPhoneSimulator.ActiveCfg = Release|Any CPU
		{73F298FF-334E-48A2-BC98-77FF8B7A1B24}.Ad-Hoc|iPhoneSimulator.Build.0 = Release|Any CPU
		{73F298FF-334E-48A2-BC98-77FF8B7A1B24}.Ad-Hoc|iPhoneSimulator.Deploy.0 = Release|Any CPU
		{73F298FF-334E-48A2-BC98-77FF8B7A1B24}.Ad-Hoc|x64.ActiveCfg = Release|Any CPU
		{73F298FF-334E-48A2-BC98-77FF8B7A1B24}.Ad-Hoc|x64.Build.0 = Release|Any CPU
		{73F298FF-334E-48A2-BC98-77FF8B7A1B24}.Ad-Hoc|x64.Deploy.0 = Release|Any CPU
		{73F298FF-334E-48A2-BC98-77FF8B7A1B24}.Ad-Hoc|x86.ActiveCfg = Release|x86
		{73F298FF-334E-48A2-BC98-77FF8B7A1B24}.Ad-Hoc|x86.Build.0 = Release|x86
		{73F298FF-334E-48A2-BC98-77FF8B7A1B24}.Ad-Hoc|x86.Deploy.0 = Release|x86
		{73F298FF-334E-48A2-BC98-77FF8B7A1B24}.AppStore|Any CPU.ActiveCfg = Release|Any CPU
		{73F298FF-334E-48A2-BC98-77FF8B7A1B24}.AppStore|Any CPU.Build.0 = Release|Any CPU
		{73F298FF-334E-48A2-BC98-77FF8B7A1B24}.AppStore|Any CPU.Deploy.0 = Release|Any CPU
		{73F298FF-334E-48A2-BC98-77FF8B7A1B24}.AppStore|ARM.ActiveCfg = Release|ARM
		{73F298FF-334E-48A2-BC98-77FF8B7A1B24}.AppStore|ARM.Build.0 = Release|ARM
		{73F298FF-334E-48A2-BC98-77FF8B7A1B24}.AppStore|ARM.Deploy.0 = Release|ARM
		{73F298FF-334E-48A2-BC98-77FF8B7A1B24}.AppStore|iPhone.ActiveCfg = Release|Any CPU
		{73F298FF-334E-48A2-BC98-77FF8B7A1B24}.AppStore|iPhone.Build.0 = Release|Any CPU
		{73F298FF-334E-48A2-BC98-77FF8B7A1B24}.AppStore|iPhone.Deploy.0 = Release|Any CPU
		{73F298FF-334E-48A2-BC98-77FF8B7A1B24}.AppStore|iPhoneSimulator.ActiveCfg = Release|Any CPU
		{73F298FF-334E-48A2-BC98-77FF8B7A1B24}.AppStore|iPhoneSimulator.Build.0 = Release|Any CPU
		{73F298FF-334E-48A2-BC98-77FF8B7A1B24}.AppStore|iPhoneSimulator.Deploy.0 = Release|Any CPU
		{73F298FF-334E-48A2-BC98-77FF8B7A1B24}.AppStore|x64.ActiveCfg = Release|Any CPU
		{73F298FF-334E-48A2-BC98-77FF8B7A1B24}.AppStore|x64.Build.0 = Release|Any CPU
		{73F298FF-334E-48A2-BC98-77FF8B7A1B24}.AppStore|x64.Deploy.0 = Release|Any CPU
		{73F298FF-334E-48A2-BC98-77FF8B7A1B24}.AppStore|x86.ActiveCfg = Release|x86
		{73F298FF-334E-48A2-BC98-77FF8B7A1B24}.AppStore|x86.Build.0 = Release|x86
		{73F298FF-334E-48A2-BC98-77FF8B7A1B24}.AppStore|x86.Deploy.0 = Release|x86
		{73F298FF-334E-48A2-BC98-77FF8B7A1B24}.Debug|Any CPU.ActiveCfg = Debug|Any CPU
		{73F298FF-334E-48A2-BC98-77FF8B7A1B24}.Debug|Any CPU.Build.0 = Debug|Any CPU
		{73F298FF-334E-48A2-BC98-77FF8B7A1B24}.Debug|Any CPU.Deploy.0 = Debug|Any CPU
		{73F298FF-334E-48A2-BC98-77FF8B7A1B24}.Debug|ARM.ActiveCfg = Debug|ARM
		{73F298FF-334E-48A2-BC98-77FF8B7A1B24}.Debug|ARM.Build.0 = Debug|ARM
		{73F298FF-334E-48A2-BC98-77FF8B7A1B24}.Debug|ARM.Deploy.0 = Debug|ARM
		{73F298FF-334E-48A2-BC98-77FF8B7A1B24}.Debug|iPhone.ActiveCfg = Debug|Any CPU
		{73F298FF-334E-48A2-BC98-77FF8B7A1B24}.Debug|iPhone.Build.0 = Debug|Any CPU
		{73F298FF-334E-48A2-BC98-77FF8B7A1B24}.Debug|iPhone.Deploy.0 = Debug|Any CPU
		{73F298FF-334E-48A2-BC98-77FF8B7A1B24}.Debug|iPhoneSimulator.ActiveCfg = Debug|Any CPU
		{73F298FF-334E-48A2-BC98-77FF8B7A1B24}.Debug|iPhoneSimulator.Build.0 = Debug|Any CPU
		{73F298FF-334E-48A2-BC98-77FF8B7A1B24}.Debug|iPhoneSimulator.Deploy.0 = Debug|Any CPU
		{73F298FF-334E-48A2-BC98-77FF8B7A1B24}.Debug|x64.ActiveCfg = Debug|Any CPU
		{73F298FF-334E-48A2-BC98-77FF8B7A1B24}.Debug|x64.Build.0 = Debug|Any CPU
		{73F298FF-334E-48A2-BC98-77FF8B7A1B24}.Debug|x64.Deploy.0 = Debug|Any CPU
		{73F298FF-334E-48A2-BC98-77FF8B7A1B24}.Debug|x86.ActiveCfg = Debug|x86
		{73F298FF-334E-48A2-BC98-77FF8B7A1B24}.Debug|x86.Build.0 = Debug|x86
		{73F298FF-334E-48A2-BC98-77FF8B7A1B24}.Debug|x86.Deploy.0 = Debug|x86
		{73F298FF-334E-48A2-BC98-77FF8B7A1B24}.Release|Any CPU.ActiveCfg = Release|Any CPU
		{73F298FF-334E-48A2-BC98-77FF8B7A1B24}.Release|Any CPU.Build.0 = Release|Any CPU
		{73F298FF-334E-48A2-BC98-77FF8B7A1B24}.Release|Any CPU.Deploy.0 = Release|Any CPU
		{73F298FF-334E-48A2-BC98-77FF8B7A1B24}.Release|ARM.ActiveCfg = Release|ARM
		{73F298FF-334E-48A2-BC98-77FF8B7A1B24}.Release|ARM.Build.0 = Release|ARM
		{73F298FF-334E-48A2-BC98-77FF8B7A1B24}.Release|ARM.Deploy.0 = Release|ARM
		{73F298FF-334E-48A2-BC98-77FF8B7A1B24}.Release|iPhone.ActiveCfg = Release|Any CPU
		{73F298FF-334E-48A2-BC98-77FF8B7A1B24}.Release|iPhone.Build.0 = Release|Any CPU
		{73F298FF-334E-48A2-BC98-77FF8B7A1B24}.Release|iPhone.Deploy.0 = Release|Any CPU
		{73F298FF-334E-48A2-BC98-77FF8B7A1B24}.Release|iPhoneSimulator.ActiveCfg = Release|Any CPU
		{73F298FF-334E-48A2-BC98-77FF8B7A1B24}.Release|iPhoneSimulator.Build.0 = Release|Any CPU
		{73F298FF-334E-48A2-BC98-77FF8B7A1B24}.Release|iPhoneSimulator.Deploy.0 = Release|Any CPU
		{73F298FF-334E-48A2-BC98-77FF8B7A1B24}.Release|x64.ActiveCfg = Release|Any CPU
		{73F298FF-334E-48A2-BC98-77FF8B7A1B24}.Release|x64.Build.0 = Release|Any CPU
		{73F298FF-334E-48A2-BC98-77FF8B7A1B24}.Release|x64.Deploy.0 = Release|Any CPU
		{73F298FF-334E-48A2-BC98-77FF8B7A1B24}.Release|x86.ActiveCfg = Release|x86
		{73F298FF-334E-48A2-BC98-77FF8B7A1B24}.Release|x86.Build.0 = Release|x86
		{73F298FF-334E-48A2-BC98-77FF8B7A1B24}.Release|x86.Deploy.0 = Release|x86
		{4C913DD9-4B2B-4238-8867-189D61A07BF7}.Ad-Hoc|Any CPU.ActiveCfg = Release|x86
		{4C913DD9-4B2B-4238-8867-189D61A07BF7}.Ad-Hoc|Any CPU.Build.0 = Release|x86
		{4C913DD9-4B2B-4238-8867-189D61A07BF7}.Ad-Hoc|Any CPU.Deploy.0 = Release|x86
		{4C913DD9-4B2B-4238-8867-189D61A07BF7}.Ad-Hoc|ARM.ActiveCfg = Release|ARM
		{4C913DD9-4B2B-4238-8867-189D61A07BF7}.Ad-Hoc|ARM.Build.0 = Release|ARM
		{4C913DD9-4B2B-4238-8867-189D61A07BF7}.Ad-Hoc|ARM.Deploy.0 = Release|ARM
		{4C913DD9-4B2B-4238-8867-189D61A07BF7}.Ad-Hoc|iPhone.ActiveCfg = Release|x86
		{4C913DD9-4B2B-4238-8867-189D61A07BF7}.Ad-Hoc|iPhone.Build.0 = Release|x86
		{4C913DD9-4B2B-4238-8867-189D61A07BF7}.Ad-Hoc|iPhone.Deploy.0 = Release|x86
		{4C913DD9-4B2B-4238-8867-189D61A07BF7}.Ad-Hoc|iPhoneSimulator.ActiveCfg = Release|x86
		{4C913DD9-4B2B-4238-8867-189D61A07BF7}.Ad-Hoc|iPhoneSimulator.Build.0 = Release|x86
		{4C913DD9-4B2B-4238-8867-189D61A07BF7}.Ad-Hoc|iPhoneSimulator.Deploy.0 = Release|x86
		{4C913DD9-4B2B-4238-8867-189D61A07BF7}.Ad-Hoc|x64.ActiveCfg = Release|x64
		{4C913DD9-4B2B-4238-8867-189D61A07BF7}.Ad-Hoc|x64.Build.0 = Release|x64
		{4C913DD9-4B2B-4238-8867-189D61A07BF7}.Ad-Hoc|x64.Deploy.0 = Release|x64
		{4C913DD9-4B2B-4238-8867-189D61A07BF7}.Ad-Hoc|x86.ActiveCfg = Release|x86
		{4C913DD9-4B2B-4238-8867-189D61A07BF7}.Ad-Hoc|x86.Build.0 = Release|x86
		{4C913DD9-4B2B-4238-8867-189D61A07BF7}.Ad-Hoc|x86.Deploy.0 = Release|x86
		{4C913DD9-4B2B-4238-8867-189D61A07BF7}.AppStore|Any CPU.ActiveCfg = Release|x86
		{4C913DD9-4B2B-4238-8867-189D61A07BF7}.AppStore|Any CPU.Build.0 = Release|x86
		{4C913DD9-4B2B-4238-8867-189D61A07BF7}.AppStore|Any CPU.Deploy.0 = Release|x86
		{4C913DD9-4B2B-4238-8867-189D61A07BF7}.AppStore|ARM.ActiveCfg = Release|ARM
		{4C913DD9-4B2B-4238-8867-189D61A07BF7}.AppStore|ARM.Build.0 = Release|ARM
		{4C913DD9-4B2B-4238-8867-189D61A07BF7}.AppStore|ARM.Deploy.0 = Release|ARM
		{4C913DD9-4B2B-4238-8867-189D61A07BF7}.AppStore|iPhone.ActiveCfg = Release|x86
		{4C913DD9-4B2B-4238-8867-189D61A07BF7}.AppStore|iPhone.Build.0 = Release|x86
		{4C913DD9-4B2B-4238-8867-189D61A07BF7}.AppStore|iPhone.Deploy.0 = Release|x86
		{4C913DD9-4B2B-4238-8867-189D61A07BF7}.AppStore|iPhoneSimulator.ActiveCfg = Release|x86
		{4C913DD9-4B2B-4238-8867-189D61A07BF7}.AppStore|iPhoneSimulator.Build.0 = Release|x86
		{4C913DD9-4B2B-4238-8867-189D61A07BF7}.AppStore|iPhoneSimulator.Deploy.0 = Release|x86
		{4C913DD9-4B2B-4238-8867-189D61A07BF7}.AppStore|x64.ActiveCfg = Release|x64
		{4C913DD9-4B2B-4238-8867-189D61A07BF7}.AppStore|x64.Build.0 = Release|x64
		{4C913DD9-4B2B-4238-8867-189D61A07BF7}.AppStore|x64.Deploy.0 = Release|x64
		{4C913DD9-4B2B-4238-8867-189D61A07BF7}.AppStore|x86.ActiveCfg = Release|x86
		{4C913DD9-4B2B-4238-8867-189D61A07BF7}.AppStore|x86.Build.0 = Release|x86
		{4C913DD9-4B2B-4238-8867-189D61A07BF7}.AppStore|x86.Deploy.0 = Release|x86
		{4C913DD9-4B2B-4238-8867-189D61A07BF7}.Debug|Any CPU.ActiveCfg = Debug|x86
		{4C913DD9-4B2B-4238-8867-189D61A07BF7}.Debug|ARM.ActiveCfg = Debug|ARM
		{4C913DD9-4B2B-4238-8867-189D61A07BF7}.Debug|ARM.Build.0 = Debug|ARM
		{4C913DD9-4B2B-4238-8867-189D61A07BF7}.Debug|ARM.Deploy.0 = Debug|ARM
		{4C913DD9-4B2B-4238-8867-189D61A07BF7}.Debug|iPhone.ActiveCfg = Debug|x86
		{4C913DD9-4B2B-4238-8867-189D61A07BF7}.Debug|iPhoneSimulator.ActiveCfg = Debug|x86
		{4C913DD9-4B2B-4238-8867-189D61A07BF7}.Debug|x64.ActiveCfg = Debug|x64
		{4C913DD9-4B2B-4238-8867-189D61A07BF7}.Debug|x64.Build.0 = Debug|x64
		{4C913DD9-4B2B-4238-8867-189D61A07BF7}.Debug|x64.Deploy.0 = Debug|x64
		{4C913DD9-4B2B-4238-8867-189D61A07BF7}.Debug|x86.ActiveCfg = Debug|x86
		{4C913DD9-4B2B-4238-8867-189D61A07BF7}.Debug|x86.Build.0 = Debug|x86
		{4C913DD9-4B2B-4238-8867-189D61A07BF7}.Debug|x86.Deploy.0 = Debug|x86
		{4C913DD9-4B2B-4238-8867-189D61A07BF7}.Release|Any CPU.ActiveCfg = Release|x86
		{4C913DD9-4B2B-4238-8867-189D61A07BF7}.Release|ARM.ActiveCfg = Release|ARM
		{4C913DD9-4B2B-4238-8867-189D61A07BF7}.Release|ARM.Build.0 = Release|ARM
		{4C913DD9-4B2B-4238-8867-189D61A07BF7}.Release|ARM.Deploy.0 = Release|ARM
		{4C913DD9-4B2B-4238-8867-189D61A07BF7}.Release|iPhone.ActiveCfg = Release|x86
		{4C913DD9-4B2B-4238-8867-189D61A07BF7}.Release|iPhoneSimulator.ActiveCfg = Release|x86
		{4C913DD9-4B2B-4238-8867-189D61A07BF7}.Release|x64.ActiveCfg = Release|x64
		{4C913DD9-4B2B-4238-8867-189D61A07BF7}.Release|x64.Build.0 = Release|x64
		{4C913DD9-4B2B-4238-8867-189D61A07BF7}.Release|x64.Deploy.0 = Release|x64
		{4C913DD9-4B2B-4238-8867-189D61A07BF7}.Release|x86.ActiveCfg = Release|x86
		{4C913DD9-4B2B-4238-8867-189D61A07BF7}.Release|x86.Build.0 = Release|x86
		{4C913DD9-4B2B-4238-8867-189D61A07BF7}.Release|x86.Deploy.0 = Release|x86
		{84A7EDCF-294D-4059-9B0F-EC92C96982DC}.Ad-Hoc|Any CPU.ActiveCfg = Release|Any CPU
		{84A7EDCF-294D-4059-9B0F-EC92C96982DC}.Ad-Hoc|Any CPU.Build.0 = Release|Any CPU
		{84A7EDCF-294D-4059-9B0F-EC92C96982DC}.Ad-Hoc|Any CPU.Deploy.0 = Release|Any CPU
		{84A7EDCF-294D-4059-9B0F-EC92C96982DC}.Ad-Hoc|ARM.ActiveCfg = Release|ARM
		{84A7EDCF-294D-4059-9B0F-EC92C96982DC}.Ad-Hoc|ARM.Build.0 = Release|ARM
		{84A7EDCF-294D-4059-9B0F-EC92C96982DC}.Ad-Hoc|ARM.Deploy.0 = Release|ARM
		{84A7EDCF-294D-4059-9B0F-EC92C96982DC}.Ad-Hoc|iPhone.ActiveCfg = Release|Any CPU
		{84A7EDCF-294D-4059-9B0F-EC92C96982DC}.Ad-Hoc|iPhone.Build.0 = Release|Any CPU
		{84A7EDCF-294D-4059-9B0F-EC92C96982DC}.Ad-Hoc|iPhone.Deploy.0 = Release|Any CPU
		{84A7EDCF-294D-4059-9B0F-EC92C96982DC}.Ad-Hoc|iPhoneSimulator.ActiveCfg = Release|Any CPU
		{84A7EDCF-294D-4059-9B0F-EC92C96982DC}.Ad-Hoc|iPhoneSimulator.Build.0 = Release|Any CPU
		{84A7EDCF-294D-4059-9B0F-EC92C96982DC}.Ad-Hoc|iPhoneSimulator.Deploy.0 = Release|Any CPU
		{84A7EDCF-294D-4059-9B0F-EC92C96982DC}.Ad-Hoc|x64.ActiveCfg = Release|x64
		{84A7EDCF-294D-4059-9B0F-EC92C96982DC}.Ad-Hoc|x64.Build.0 = Release|x64
		{84A7EDCF-294D-4059-9B0F-EC92C96982DC}.Ad-Hoc|x64.Deploy.0 = Release|x64
		{84A7EDCF-294D-4059-9B0F-EC92C96982DC}.Ad-Hoc|x86.ActiveCfg = Release|x86
		{84A7EDCF-294D-4059-9B0F-EC92C96982DC}.Ad-Hoc|x86.Build.0 = Release|x86
		{84A7EDCF-294D-4059-9B0F-EC92C96982DC}.Ad-Hoc|x86.Deploy.0 = Release|x86
		{84A7EDCF-294D-4059-9B0F-EC92C96982DC}.AppStore|Any CPU.ActiveCfg = Release|Any CPU
		{84A7EDCF-294D-4059-9B0F-EC92C96982DC}.AppStore|Any CPU.Build.0 = Release|Any CPU
		{84A7EDCF-294D-4059-9B0F-EC92C96982DC}.AppStore|Any CPU.Deploy.0 = Release|Any CPU
		{84A7EDCF-294D-4059-9B0F-EC92C96982DC}.AppStore|ARM.ActiveCfg = Release|ARM
		{84A7EDCF-294D-4059-9B0F-EC92C96982DC}.AppStore|ARM.Build.0 = Release|ARM
		{84A7EDCF-294D-4059-9B0F-EC92C96982DC}.AppStore|ARM.Deploy.0 = Release|ARM
		{84A7EDCF-294D-4059-9B0F-EC92C96982DC}.AppStore|iPhone.ActiveCfg = Release|Any CPU
		{84A7EDCF-294D-4059-9B0F-EC92C96982DC}.AppStore|iPhone.Build.0 = Release|Any CPU
		{84A7EDCF-294D-4059-9B0F-EC92C96982DC}.AppStore|iPhone.Deploy.0 = Release|Any CPU
		{84A7EDCF-294D-4059-9B0F-EC92C96982DC}.AppStore|iPhoneSimulator.ActiveCfg = Release|Any CPU
		{84A7EDCF-294D-4059-9B0F-EC92C96982DC}.AppStore|iPhoneSimulator.Build.0 = Release|Any CPU
		{84A7EDCF-294D-4059-9B0F-EC92C96982DC}.AppStore|iPhoneSimulator.Deploy.0 = Release|Any CPU
		{84A7EDCF-294D-4059-9B0F-EC92C96982DC}.AppStore|x64.ActiveCfg = Release|x64
		{84A7EDCF-294D-4059-9B0F-EC92C96982DC}.AppStore|x64.Build.0 = Release|x64
		{84A7EDCF-294D-4059-9B0F-EC92C96982DC}.AppStore|x64.Deploy.0 = Release|x64
		{84A7EDCF-294D-4059-9B0F-EC92C96982DC}.AppStore|x86.ActiveCfg = Release|x86
		{84A7EDCF-294D-4059-9B0F-EC92C96982DC}.AppStore|x86.Build.0 = Release|x86
		{84A7EDCF-294D-4059-9B0F-EC92C96982DC}.AppStore|x86.Deploy.0 = Release|x86
		{84A7EDCF-294D-4059-9B0F-EC92C96982DC}.Debug|Any CPU.ActiveCfg = Debug|Any CPU
		{84A7EDCF-294D-4059-9B0F-EC92C96982DC}.Debug|Any CPU.Build.0 = Debug|Any CPU
		{84A7EDCF-294D-4059-9B0F-EC92C96982DC}.Debug|Any CPU.Deploy.0 = Debug|Any CPU
		{84A7EDCF-294D-4059-9B0F-EC92C96982DC}.Debug|ARM.ActiveCfg = Debug|ARM
		{84A7EDCF-294D-4059-9B0F-EC92C96982DC}.Debug|ARM.Build.0 = Debug|ARM
		{84A7EDCF-294D-4059-9B0F-EC92C96982DC}.Debug|ARM.Deploy.0 = Debug|ARM
		{84A7EDCF-294D-4059-9B0F-EC92C96982DC}.Debug|iPhone.ActiveCfg = Debug|Any CPU
		{84A7EDCF-294D-4059-9B0F-EC92C96982DC}.Debug|iPhone.Build.0 = Debug|Any CPU
		{84A7EDCF-294D-4059-9B0F-EC92C96982DC}.Debug|iPhone.Deploy.0 = Debug|Any CPU
		{84A7EDCF-294D-4059-9B0F-EC92C96982DC}.Debug|iPhoneSimulator.ActiveCfg = Debug|Any CPU
		{84A7EDCF-294D-4059-9B0F-EC92C96982DC}.Debug|iPhoneSimulator.Build.0 = Debug|Any CPU
		{84A7EDCF-294D-4059-9B0F-EC92C96982DC}.Debug|iPhoneSimulator.Deploy.0 = Debug|Any CPU
		{84A7EDCF-294D-4059-9B0F-EC92C96982DC}.Debug|x64.ActiveCfg = Debug|x64
		{84A7EDCF-294D-4059-9B0F-EC92C96982DC}.Debug|x64.Build.0 = Debug|x64
		{84A7EDCF-294D-4059-9B0F-EC92C96982DC}.Debug|x64.Deploy.0 = Debug|x64
		{84A7EDCF-294D-4059-9B0F-EC92C96982DC}.Debug|x86.ActiveCfg = Debug|x86
		{84A7EDCF-294D-4059-9B0F-EC92C96982DC}.Debug|x86.Build.0 = Debug|x86
		{84A7EDCF-294D-4059-9B0F-EC92C96982DC}.Debug|x86.Deploy.0 = Debug|x86
		{84A7EDCF-294D-4059-9B0F-EC92C96982DC}.Release|Any CPU.ActiveCfg = Release|Any CPU
		{84A7EDCF-294D-4059-9B0F-EC92C96982DC}.Release|Any CPU.Build.0 = Release|Any CPU
		{84A7EDCF-294D-4059-9B0F-EC92C96982DC}.Release|Any CPU.Deploy.0 = Release|Any CPU
		{84A7EDCF-294D-4059-9B0F-EC92C96982DC}.Release|ARM.ActiveCfg = Release|ARM
		{84A7EDCF-294D-4059-9B0F-EC92C96982DC}.Release|ARM.Build.0 = Release|ARM
		{84A7EDCF-294D-4059-9B0F-EC92C96982DC}.Release|ARM.Deploy.0 = Release|ARM
		{84A7EDCF-294D-4059-9B0F-EC92C96982DC}.Release|iPhone.ActiveCfg = Release|Any CPU
		{84A7EDCF-294D-4059-9B0F-EC92C96982DC}.Release|iPhone.Build.0 = Release|Any CPU
		{84A7EDCF-294D-4059-9B0F-EC92C96982DC}.Release|iPhone.Deploy.0 = Release|Any CPU
		{84A7EDCF-294D-4059-9B0F-EC92C96982DC}.Release|iPhoneSimulator.ActiveCfg = Release|Any CPU
		{84A7EDCF-294D-4059-9B0F-EC92C96982DC}.Release|iPhoneSimulator.Build.0 = Release|Any CPU
		{84A7EDCF-294D-4059-9B0F-EC92C96982DC}.Release|iPhoneSimulator.Deploy.0 = Release|Any CPU
		{84A7EDCF-294D-4059-9B0F-EC92C96982DC}.Release|x64.ActiveCfg = Release|x64
		{84A7EDCF-294D-4059-9B0F-EC92C96982DC}.Release|x64.Build.0 = Release|x64
		{84A7EDCF-294D-4059-9B0F-EC92C96982DC}.Release|x64.Deploy.0 = Release|x64
		{84A7EDCF-294D-4059-9B0F-EC92C96982DC}.Release|x86.ActiveCfg = Release|x86
		{84A7EDCF-294D-4059-9B0F-EC92C96982DC}.Release|x86.Build.0 = Release|x86
		{84A7EDCF-294D-4059-9B0F-EC92C96982DC}.Release|x86.Deploy.0 = Release|x86
	EndGlobalSection
	GlobalSection(SolutionProperties) = preSolution
		HideSolutionNode = FALSE
	EndGlobalSection
EndGlobal
